
Microsoft Visual Studio Solution File, Format Version 12.00
# Visual Studio Version 17
VisualStudioVersion = 17.0.32112.339
MinimumVisualStudioVersion = 10.0.40219.1
Project("{FAE04EC0-301F-11D3-BF4B-00C04F79EFBC}") = "8Ball", "8Ball\8Ball.csproj", "{1CB7AC67-09BC-4B50-9410-7AD4174FD6DB}"
EndProject
Global
	GlobalSection(SolutionConfigurationPlatforms) = preSolution
		Debug|Any CPU = Debug|Any CPU
		Release|Any CPU = Release|Any CPU
	EndGlobalSection
	GlobalSection(ProjectConfigurationPlatforms) = postSolution
		{1CB7AC67-09BC-4B50-9410-7AD4174FD6DB}.Debug|Any CPU.ActiveCfg = Debug|Any CPU
		{1CB7AC67-09BC-4B50-9410-7AD4174FD6DB}.Debug|Any CPU.Build.0 = Debug|Any CPU
		{1CB7AC67-09BC-4B50-9410-7AD4174FD6DB}.Release|Any CPU.ActiveCfg = Release|Any CPU
		{1CB7AC67-09BC-4B50-9410-7AD4174FD6DB}.Release|Any CPU.Build.0 = Release|Any CPU
	EndGlobalSection
	GlobalSection(SolutionProperties) = preSolution
		HideSolutionNode = FALSE
	EndGlobalSection
	GlobalSection(ExtensibilityGlobals) = postSolution
		SolutionGuid = {BD44E1A8-6F52-4B73-837F-454FDEB0E744}
	EndGlobalSection
EndGlobal
